// !$*UTF8*$!
{
	archiveVersion = 1;
	classes = {
	};
	objectVersion = 51;
	objects = {

/* Begin PBXBuildFile section */
		08B2E24D38364ABAB48CFA29 /* Pods_VisitorApp.framework in Frameworks */ = {isa = PBXBuildFile; fileRef = 25503F3431000C44761681E1 /* Pods_VisitorApp.framework */; };
		9B06984525679C6700FF6E84 /* VisitorPrintRouter.swift in Sources */ = {isa = PBXBuildFile; fileRef = 9B06984425679C6700FF6E84 /* VisitorPrintRouter.swift */; };
		9B07DE9225B57D13004974C5 /* Roboto-Medium.ttf in Resources */ = {isa = PBXBuildFile; fileRef = 9B07DE8525B57D13004974C5 /* Roboto-Medium.ttf */; };
		9B07DE9325B57D13004974C5 /* Roboto-Light.ttf in Resources */ = {isa = PBXBuildFile; fileRef = 9B07DE8625B57D13004974C5 /* Roboto-Light.ttf */; };
		9B07DE9425B57D13004974C5 /* Roboto-Regular.ttf in Resources */ = {isa = PBXBuildFile; fileRef = 9B07DE8725B57D13004974C5 /* Roboto-Regular.ttf */; };
		9B07DE9525B57D13004974C5 /* Roboto-MediumItalic.ttf in Resources */ = {isa = PBXBuildFile; fileRef = 9B07DE8825B57D13004974C5 /* Roboto-MediumItalic.ttf */; };
		9B07DE9625B57D13004974C5 /* Roboto-ThinItalic.ttf in Resources */ = {isa = PBXBuildFile; fileRef = 9B07DE8925B57D13004974C5 /* Roboto-ThinItalic.ttf */; };
		9B07DE9725B57D13004974C5 /* Roboto-BoldItalic.ttf in Resources */ = {isa = PBXBuildFile; fileRef = 9B07DE8A25B57D13004974C5 /* Roboto-BoldItalic.ttf */; };
		9B07DE9825B57D13004974C5 /* Roboto-LightItalic.ttf in Resources */ = {isa = PBXBuildFile; fileRef = 9B07DE8B25B57D13004974C5 /* Roboto-LightItalic.ttf */; };
		9B07DE9925B57D13004974C5 /* Roboto-Italic.ttf in Resources */ = {isa = PBXBuildFile; fileRef = 9B07DE8C25B57D13004974C5 /* Roboto-Italic.ttf */; };
		9B07DE9A25B57D13004974C5 /* LICENSE.txt in Resources */ = {isa = PBXBuildFile; fileRef = 9B07DE8D25B57D13004974C5 /* LICENSE.txt */; };
		9B07DE9B25B57D13004974C5 /* Roboto-BlackItalic.ttf in Resources */ = {isa = PBXBuildFile; fileRef = 9B07DE8E25B57D13004974C5 /* Roboto-BlackItalic.ttf */; };
		9B07DE9C25B57D13004974C5 /* Roboto-Bold.ttf in Resources */ = {isa = PBXBuildFile; fileRef = 9B07DE8F25B57D13004974C5 /* Roboto-Bold.ttf */; };
		9B07DE9D25B57D13004974C5 /* Roboto-Thin.ttf in Resources */ = {isa = PBXBuildFile; fileRef = 9B07DE9025B57D13004974C5 /* Roboto-Thin.ttf */; };
		9B07DE9E25B57D13004974C5 /* Roboto-Black.ttf in Resources */ = {isa = PBXBuildFile; fileRef = 9B07DE9125B57D13004974C5 /* Roboto-Black.ttf */; };
		9B1E7FE9253F512200DAC863 /* VisitorListViewControllerTests.swift in Sources */ = {isa = PBXBuildFile; fileRef = 9B1E7FE5253F512200DAC863 /* VisitorListViewControllerTests.swift */; };
		9B1E7FEA253F512200DAC863 /* VisitorListInteractorTests.swift in Sources */ = {isa = PBXBuildFile; fileRef = 9B1E7FE6253F512200DAC863 /* VisitorListInteractorTests.swift */; };
		9B1E7FEC253F512200DAC863 /* VisitorListPresenterTests.swift in Sources */ = {isa = PBXBuildFile; fileRef = 9B1E7FE8253F512200DAC863 /* VisitorListPresenterTests.swift */; };
		9B3D9B4B2565204F005F1E9D /* VisitorPrintViewController.swift in Sources */ = {isa = PBXBuildFile; fileRef = 9B3D9B4A2565204F005F1E9D /* VisitorPrintViewController.swift */; };
		9B587E8B25D2B8A50023A8E1 /* VisitorDataChartModel.swift in Sources */ = {isa = PBXBuildFile; fileRef = 9B587E8A25D2B8A50023A8E1 /* VisitorDataChartModel.swift */; };
		9B5C960825384C5200012367 /* VisitorFormViewControllerTests.swift in Sources */ = {isa = PBXBuildFile; fileRef = 9B5C960425384C5200012367 /* VisitorFormViewControllerTests.swift */; };
		9B5C960925384C5200012367 /* VisitorFormInteractorTests.swift in Sources */ = {isa = PBXBuildFile; fileRef = 9B5C960525384C5200012367 /* VisitorFormInteractorTests.swift */; };
		9B5C960B25384C5200012367 /* VisitorFormPresenterTests.swift in Sources */ = {isa = PBXBuildFile; fileRef = 9B5C960725384C5200012367 /* VisitorFormPresenterTests.swift */; };
		9B63BDF12529DE2D00E8B04F /* VisitorBarChartRouter.swift in Sources */ = {isa = PBXBuildFile; fileRef = 9B63BDF02529DE2D00E8B04F /* VisitorBarChartRouter.swift */; };
		9B63BDF42529DE5F00E8B04F /* VisitorBarChartInteractor.swift in Sources */ = {isa = PBXBuildFile; fileRef = 9B63BDF32529DE5F00E8B04F /* VisitorBarChartInteractor.swift */; };
		9B63BDF62529DE7700E8B04F /* VisitorBarChartPresenter.swift in Sources */ = {isa = PBXBuildFile; fileRef = 9B63BDF52529DE7700E8B04F /* VisitorBarChartPresenter.swift */; };
		9B6E89AF25398CCC003761BB /* VisitorCoreDataStore.swift in Sources */ = {isa = PBXBuildFile; fileRef = 9B6E89AE25398CCC003761BB /* VisitorCoreDataStore.swift */; };
		9B726F122500DE4700E2F9AD /* VisitorBarChartViewController.swift in Sources */ = {isa = PBXBuildFile; fileRef = 9B726F112500DE4700E2F9AD /* VisitorBarChartViewController.swift */; };
		9B76307D254192E5008420AA /* VisitorBarChartViewModel.swift in Sources */ = {isa = PBXBuildFile; fileRef = 9B76307C254192E5008420AA /* VisitorBarChartViewModel.swift */; };
		9B76308225419382008420AA /* VisitorChartViewControllerTests.swift in Sources */ = {isa = PBXBuildFile; fileRef = 9B76307E25419382008420AA /* VisitorChartViewControllerTests.swift */; };
		9B76308325419382008420AA /* VisitorChartInteractorTests.swift in Sources */ = {isa = PBXBuildFile; fileRef = 9B76307F25419382008420AA /* VisitorChartInteractorTests.swift */; };
		9B76308525419382008420AA /* VisitorChartPresenterTests.swift in Sources */ = {isa = PBXBuildFile; fileRef = 9B76308125419382008420AA /* VisitorChartPresenterTests.swift */; };
		9B76308B2541F506008420AA /* VisitorBarChartViewControllerTests.swift in Sources */ = {isa = PBXBuildFile; fileRef = 9B7630872541F506008420AA /* VisitorBarChartViewControllerTests.swift */; };
		9B76308C2541F506008420AA /* VisitorBarChartInteractorTests.swift in Sources */ = {isa = PBXBuildFile; fileRef = 9B7630882541F506008420AA /* VisitorBarChartInteractorTests.swift */; };
		9B76308E2541F506008420AA /* VisitorBarChartPresenterTests.swift in Sources */ = {isa = PBXBuildFile; fileRef = 9B76308A2541F506008420AA /* VisitorBarChartPresenterTests.swift */; };
		9B7D5EFF251C57D4002C995D /* VisitorValidation.swift in Sources */ = {isa = PBXBuildFile; fileRef = 9B7D5EFE251C57D4002C995D /* VisitorValidation.swift */; };
		9B851BB52490C9B900FFB7F6 /* VisitorListViewController.swift in Sources */ = {isa = PBXBuildFile; fileRef = 9B851BB42490C9B900FFB7F6 /* VisitorListViewController.swift */; };
		9B851BB72490CA8100FFB7F6 /* VisitorTableViewCell.swift in Sources */ = {isa = PBXBuildFile; fileRef = 9B851BB62490CA8100FFB7F6 /* VisitorTableViewCell.swift */; };
		9B9B204E2533733A00FDBDDE /* VisitorFormInteractorTest.swift in Sources */ = {isa = PBXBuildFile; fileRef = 9B9B204D2533733A00FDBDDE /* VisitorFormInteractorTest.swift */; };
		9B9E2EF925024C9F00E54E4F /* VisitorChartTableViewCell.swift in Sources */ = {isa = PBXBuildFile; fileRef = 9B9E2EF825024C9F00E54E4F /* VisitorChartTableViewCell.swift */; };
		9BA98F53248690F900C86B5C /* VisitorInteractor.swift in Sources */ = {isa = PBXBuildFile; fileRef = 9BA98F52248690F900C86B5C /* VisitorInteractor.swift */; };
		9BA98F552486913100C86B5C /* VisitorPresenter.swift in Sources */ = {isa = PBXBuildFile; fileRef = 9BA98F542486913100C86B5C /* VisitorPresenter.swift */; };
		9BA98F572486915500C86B5C /* VisitorRouter.swift in Sources */ = {isa = PBXBuildFile; fileRef = 9BA98F562486915500C86B5C /* VisitorRouter.swift */; };
		9BBAF77D247654FF00B31A70 /* AppDelegate.swift in Sources */ = {isa = PBXBuildFile; fileRef = 9BBAF77C247654FF00B31A70 /* AppDelegate.swift */; };
		9BBAF781247654FF00B31A70 /* VisitorViewController.swift in Sources */ = {isa = PBXBuildFile; fileRef = 9BBAF780247654FF00B31A70 /* VisitorViewController.swift */; };
		9BBAF784247654FF00B31A70 /* Main.storyboard in Resources */ = {isa = PBXBuildFile; fileRef = 9BBAF782247654FF00B31A70 /* Main.storyboard */; };
		9BBAF787247654FF00B31A70 /* VisitorApp.xcdatamodeld in Sources */ = {isa = PBXBuildFile; fileRef = 9BBAF785247654FF00B31A70 /* VisitorApp.xcdatamodeld */; };
		9BBAF789247654FF00B31A70 /* Assets.xcassets in Resources */ = {isa = PBXBuildFile; fileRef = 9BBAF788247654FF00B31A70 /* Assets.xcassets */; };
		9BBAF78C247654FF00B31A70 /* LaunchScreen.storyboard in Resources */ = {isa = PBXBuildFile; fileRef = 9BBAF78A247654FF00B31A70 /* LaunchScreen.storyboard */; };
		9BD3D5852540609900880E2B /* VisitorChartViewModel.swift in Sources */ = {isa = PBXBuildFile; fileRef = 9BD3D5842540609900880E2B /* VisitorChartViewModel.swift */; };
		9BD5FDE825219D8C006F21DC /* VisitorListInteractor.swift in Sources */ = {isa = PBXBuildFile; fileRef = 9BD5FDE725219D8C006F21DC /* VisitorListInteractor.swift */; };
		9BD5FDEA25219DD8006F21DC /* VisitorListPresenter.swift in Sources */ = {isa = PBXBuildFile; fileRef = 9BD5FDE925219DD8006F21DC /* VisitorListPresenter.swift */; };
		9BD5FDEC25219E20006F21DC /* VisitorListRouter.swift in Sources */ = {isa = PBXBuildFile; fileRef = 9BD5FDEB25219E20006F21DC /* VisitorListRouter.swift */; };
		9BD5FDEE2525A613006F21DC /* VisitorChartRouter.swift in Sources */ = {isa = PBXBuildFile; fileRef = 9BD5FDED2525A613006F21DC /* VisitorChartRouter.swift */; };
		9BD5FDF02525AEFE006F21DC /* VisitorChartPresenter.swift in Sources */ = {isa = PBXBuildFile; fileRef = 9BD5FDEF2525AEFE006F21DC /* VisitorChartPresenter.swift */; };
		9BD5FDF22525AF32006F21DC /* VisitorChartInteractor.swift in Sources */ = {isa = PBXBuildFile; fileRef = 9BD5FDF12525AF32006F21DC /* VisitorChartInteractor.swift */; };
		9BD9365C2567B52C00B16419 /* VisitorPrintViewModel.swift in Sources */ = {isa = PBXBuildFile; fileRef = 9BD9365B2567B52C00B16419 /* VisitorPrintViewModel.swift */; };
		9BD9365E2567B54300B16419 /* VisitorPrintInteractor.swift in Sources */ = {isa = PBXBuildFile; fileRef = 9BD9365D2567B54300B16419 /* VisitorPrintInteractor.swift */; };
		9BD936602567B55D00B16419 /* VisitorPrintPresenter.swift in Sources */ = {isa = PBXBuildFile; fileRef = 9BD9365F2567B55D00B16419 /* VisitorPrintPresenter.swift */; };
		9BD93662256B581E00B16419 /* PopOverViewController.swift in Sources */ = {isa = PBXBuildFile; fileRef = 9BD93661256B581E00B16419 /* PopOverViewController.swift */; };
		9BDD18A3247D390A00828EAB /* CustomTextField.swift in Sources */ = {isa = PBXBuildFile; fileRef = 9BDD18A2247D390A00828EAB /* CustomTextField.swift */; };
		9BDD18A5247FECBA00828EAB /* CustomImageView.swift in Sources */ = {isa = PBXBuildFile; fileRef = 9BDD18A4247FECBA00828EAB /* CustomImageView.swift */; };
		9BE196CC256FBE37008D29AC /* CardView.swift in Sources */ = {isa = PBXBuildFile; fileRef = 9BE196CB256FBE37008D29AC /* CardView.swift */; };
		9BE7A235249A2D8C00AFC4C9 /* CustomView.swift in Sources */ = {isa = PBXBuildFile; fileRef = 9BE7A234249A2D8C00AFC4C9 /* CustomView.swift */; };
		9BECDCD9252D8560001B3279 /* VisitorViewModel.swift in Sources */ = {isa = PBXBuildFile; fileRef = 9BECDCD8252D8560001B3279 /* VisitorViewModel.swift */; };
		9BECDCDD252EC593001B3279 /* VisitorListModel.swift in Sources */ = {isa = PBXBuildFile; fileRef = 9BECDCDC252EC593001B3279 /* VisitorListModel.swift */; };
		9BECDCE5252F392D001B3279 /* VisitorAppTests.swift in Sources */ = {isa = PBXBuildFile; fileRef = 9BECDCE4252F392D001B3279 /* VisitorAppTests.swift */; };
		9BED8B3F24E6890300B57C40 /* Visitor+CoreDataClass.swift in Sources */ = {isa = PBXBuildFile; fileRef = 9BED8B3B24E6890300B57C40 /* Visitor+CoreDataClass.swift */; };
		9BED8B4024E6890300B57C40 /* Visitor+CoreDataProperties.swift in Sources */ = {isa = PBXBuildFile; fileRef = 9BED8B3C24E6890300B57C40 /* Visitor+CoreDataProperties.swift */; };
		9BEED35924F7FD1700EDE4A5 /* VisitorChartViewController.swift in Sources */ = {isa = PBXBuildFile; fileRef = 9BEED35824F7FD1700EDE4A5 /* VisitorChartViewController.swift */; };
		9BF3759E2554045E00597639 /* VisitorPieChartTableViewCell.swift in Sources */ = {isa = PBXBuildFile; fileRef = 9BF3759D2554045E00597639 /* VisitorPieChartTableViewCell.swift */; };
		9C97B84C47167953090826A2 /* Pods_VisitorApp_VisitorAppTests.framework in Frameworks */ = {isa = PBXBuildFile; fileRef = 918C4D18BA12ABBEB2DD9A71 /* Pods_VisitorApp_VisitorAppTests.framework */; };
		CA78E42E26327EEE00F4C083 /* VisitorPrintViewcontrollerTests.swift in Sources */ = {isa = PBXBuildFile; fileRef = 9B05524C25C42ACA00EB3638 /* VisitorPrintViewcontrollerTests.swift */; };
		CAB88BBF2620054800D0FB0F /* FirestoreManager.swift in Sources */ = {isa = PBXBuildFile; fileRef = CAB88BBE2620054800D0FB0F /* FirestoreManager.swift */; };
		CAB88BC326240F1D00D0FB0F /* DisplayData.swift in Sources */ = {isa = PBXBuildFile; fileRef = CAB88BC226240F1D00D0FB0F /* DisplayData.swift */; };
		CAE693E3261C700900746C4C /* GoogleService-Info.plist in Resources */ = {isa = PBXBuildFile; fileRef = CAE693E2261C700900746C4C /* GoogleService-Info.plist */; };
		CAE693E8261C81FE00746C4C /* Visitor.swift in Sources */ = {isa = PBXBuildFile; fileRef = CAE693E7261C81FE00746C4C /* Visitor.swift */; };
		D316500B25D3D194006C3608 /* Visit+CoreDataProperties.swift in Sources */ = {isa = PBXBuildFile; fileRef = D316500925D3D194006C3608 /* Visit+CoreDataProperties.swift */; };
		D316500C25D3D194006C3608 /* Visit+CoreDataClass.swift in Sources */ = {isa = PBXBuildFile; fileRef = D316500A25D3D194006C3608 /* Visit+CoreDataClass.swift */; };
/* End PBXBuildFile section */

/* Begin PBXContainerItemProxy section */
		9BECDCE7252F392D001B3279 /* PBXContainerItemProxy */ = {
			isa = PBXContainerItemProxy;
			containerPortal = 9BBAF771247654FF00B31A70 /* Project object */;
			proxyType = 1;
			remoteGlobalIDString = 9BBAF778247654FF00B31A70;
			remoteInfo = VisitorApp;
		};
/* End PBXContainerItemProxy section */

/* Begin PBXFileReference section */
		0730CD0F841B2F93A474F290 /* Pods-VisitorApp-VisitorAppTests.release.xcconfig */ = {isa = PBXFileReference; includeInIndex = 1; lastKnownFileType = text.xcconfig; name = "Pods-VisitorApp-VisitorAppTests.release.xcconfig"; path = "Target Support Files/Pods-VisitorApp-VisitorAppTests/Pods-VisitorApp-VisitorAppTests.release.xcconfig"; sourceTree = "<group>"; };
		103D7D21871E10730BF8C292 /* Pods-VisitorApp.debug.xcconfig */ = {isa = PBXFileReference; includeInIndex = 1; lastKnownFileType = text.xcconfig; name = "Pods-VisitorApp.debug.xcconfig"; path = "Target Support Files/Pods-VisitorApp/Pods-VisitorApp.debug.xcconfig"; sourceTree = "<group>"; };
		11FF9C50719F9BBF0352D3C5 /* Pods-VisitorApp.release.xcconfig */ = {isa = PBXFileReference; includeInIndex = 1; lastKnownFileType = text.xcconfig; name = "Pods-VisitorApp.release.xcconfig"; path = "Target Support Files/Pods-VisitorApp/Pods-VisitorApp.release.xcconfig"; sourceTree = "<group>"; };
		25503F3431000C44761681E1 /* Pods_VisitorApp.framework */ = {isa = PBXFileReference; explicitFileType = wrapper.framework; includeInIndex = 0; path = Pods_VisitorApp.framework; sourceTree = BUILT_PRODUCTS_DIR; };
		5D06AD4EA28C05CB1F2EB711 /* Pods-VisitorApp-VisitorAppTests.debug.xcconfig */ = {isa = PBXFileReference; includeInIndex = 1; lastKnownFileType = text.xcconfig; name = "Pods-VisitorApp-VisitorAppTests.debug.xcconfig"; path = "Target Support Files/Pods-VisitorApp-VisitorAppTests/Pods-VisitorApp-VisitorAppTests.debug.xcconfig"; sourceTree = "<group>"; };
		918C4D18BA12ABBEB2DD9A71 /* Pods_VisitorApp_VisitorAppTests.framework */ = {isa = PBXFileReference; explicitFileType = wrapper.framework; includeInIndex = 0; path = Pods_VisitorApp_VisitorAppTests.framework; sourceTree = BUILT_PRODUCTS_DIR; };
		9B05524C25C42ACA00EB3638 /* VisitorPrintViewcontrollerTests.swift */ = {isa = PBXFileReference; lastKnownFileType = sourcecode.swift; path = VisitorPrintViewcontrollerTests.swift; sourceTree = "<group>"; };
		9B06984425679C6700FF6E84 /* VisitorPrintRouter.swift */ = {isa = PBXFileReference; lastKnownFileType = sourcecode.swift; path = VisitorPrintRouter.swift; sourceTree = "<group>"; };
		9B07DE8525B57D13004974C5 /* Roboto-Medium.ttf */ = {isa = PBXFileReference; lastKnownFileType = file; path = "Roboto-Medium.ttf"; sourceTree = "<group>"; };
		9B07DE8625B57D13004974C5 /* Roboto-Light.ttf */ = {isa = PBXFileReference; lastKnownFileType = file; path = "Roboto-Light.ttf"; sourceTree = "<group>"; };
		9B07DE8725B57D13004974C5 /* Roboto-Regular.ttf */ = {isa = PBXFileReference; lastKnownFileType = file; path = "Roboto-Regular.ttf"; sourceTree = "<group>"; };
		9B07DE8825B57D13004974C5 /* Roboto-MediumItalic.ttf */ = {isa = PBXFileReference; lastKnownFileType = file; path = "Roboto-MediumItalic.ttf"; sourceTree = "<group>"; };
		9B07DE8925B57D13004974C5 /* Roboto-ThinItalic.ttf */ = {isa = PBXFileReference; lastKnownFileType = file; path = "Roboto-ThinItalic.ttf"; sourceTree = "<group>"; };
		9B07DE8A25B57D13004974C5 /* Roboto-BoldItalic.ttf */ = {isa = PBXFileReference; lastKnownFileType = file; path = "Roboto-BoldItalic.ttf"; sourceTree = "<group>"; };
		9B07DE8B25B57D13004974C5 /* Roboto-LightItalic.ttf */ = {isa = PBXFileReference; lastKnownFileType = file; path = "Roboto-LightItalic.ttf"; sourceTree = "<group>"; };
		9B07DE8C25B57D13004974C5 /* Roboto-Italic.ttf */ = {isa = PBXFileReference; lastKnownFileType = file; path = "Roboto-Italic.ttf"; sourceTree = "<group>"; };
		9B07DE8D25B57D13004974C5 /* LICENSE.txt */ = {isa = PBXFileReference; fileEncoding = 4; lastKnownFileType = text; path = LICENSE.txt; sourceTree = "<group>"; };
		9B07DE8E25B57D13004974C5 /* Roboto-BlackItalic.ttf */ = {isa = PBXFileReference; lastKnownFileType = file; path = "Roboto-BlackItalic.ttf"; sourceTree = "<group>"; };
		9B07DE8F25B57D13004974C5 /* Roboto-Bold.ttf */ = {isa = PBXFileReference; lastKnownFileType = file; path = "Roboto-Bold.ttf"; sourceTree = "<group>"; };
		9B07DE9025B57D13004974C5 /* Roboto-Thin.ttf */ = {isa = PBXFileReference; lastKnownFileType = file; path = "Roboto-Thin.ttf"; sourceTree = "<group>"; };
		9B07DE9125B57D13004974C5 /* Roboto-Black.ttf */ = {isa = PBXFileReference; lastKnownFileType = file; path = "Roboto-Black.ttf"; sourceTree = "<group>"; };
		9B1E7FE5253F512200DAC863 /* VisitorListViewControllerTests.swift */ = {isa = PBXFileReference; lastKnownFileType = sourcecode.swift; path = VisitorListViewControllerTests.swift; sourceTree = "<group>"; };
		9B1E7FE6253F512200DAC863 /* VisitorListInteractorTests.swift */ = {isa = PBXFileReference; lastKnownFileType = sourcecode.swift; path = VisitorListInteractorTests.swift; sourceTree = "<group>"; };
		9B1E7FE8253F512200DAC863 /* VisitorListPresenterTests.swift */ = {isa = PBXFileReference; lastKnownFileType = sourcecode.swift; path = VisitorListPresenterTests.swift; sourceTree = "<group>"; };
		9B3D9B4A2565204F005F1E9D /* VisitorPrintViewController.swift */ = {isa = PBXFileReference; lastKnownFileType = sourcecode.swift; path = VisitorPrintViewController.swift; sourceTree = "<group>"; };
		9B587E8A25D2B8A50023A8E1 /* VisitorDataChartModel.swift */ = {isa = PBXFileReference; lastKnownFileType = sourcecode.swift; name = VisitorDataChartModel.swift; path = VisitorApp/Entity/VisitorDataChartModel.swift; sourceTree = SOURCE_ROOT; };
		9B5C960425384C5200012367 /* VisitorFormViewControllerTests.swift */ = {isa = PBXFileReference; lastKnownFileType = sourcecode.swift; path = VisitorFormViewControllerTests.swift; sourceTree = "<group>"; };
		9B5C960525384C5200012367 /* VisitorFormInteractorTests.swift */ = {isa = PBXFileReference; lastKnownFileType = sourcecode.swift; path = VisitorFormInteractorTests.swift; sourceTree = "<group>"; };
		9B5C960725384C5200012367 /* VisitorFormPresenterTests.swift */ = {isa = PBXFileReference; lastKnownFileType = sourcecode.swift; path = VisitorFormPresenterTests.swift; sourceTree = "<group>"; };
		9B63BDF02529DE2D00E8B04F /* VisitorBarChartRouter.swift */ = {isa = PBXFileReference; lastKnownFileType = sourcecode.swift; path = VisitorBarChartRouter.swift; sourceTree = "<group>"; };
		9B63BDF32529DE5F00E8B04F /* VisitorBarChartInteractor.swift */ = {isa = PBXFileReference; lastKnownFileType = sourcecode.swift; path = VisitorBarChartInteractor.swift; sourceTree = "<group>"; };
		9B63BDF52529DE7700E8B04F /* VisitorBarChartPresenter.swift */ = {isa = PBXFileReference; lastKnownFileType = sourcecode.swift; path = VisitorBarChartPresenter.swift; sourceTree = "<group>"; };
		9B6E89AE25398CCC003761BB /* VisitorCoreDataStore.swift */ = {isa = PBXFileReference; lastKnownFileType = sourcecode.swift; path = VisitorCoreDataStore.swift; sourceTree = "<group>"; };
		9B726F112500DE4700E2F9AD /* VisitorBarChartViewController.swift */ = {isa = PBXFileReference; lastKnownFileType = sourcecode.swift; path = VisitorBarChartViewController.swift; sourceTree = "<group>"; };
		9B76307C254192E5008420AA /* VisitorBarChartViewModel.swift */ = {isa = PBXFileReference; lastKnownFileType = sourcecode.swift; path = VisitorBarChartViewModel.swift; sourceTree = "<group>"; };
		9B76307E25419382008420AA /* VisitorChartViewControllerTests.swift */ = {isa = PBXFileReference; lastKnownFileType = sourcecode.swift; path = VisitorChartViewControllerTests.swift; sourceTree = "<group>"; };
		9B76307F25419382008420AA /* VisitorChartInteractorTests.swift */ = {isa = PBXFileReference; lastKnownFileType = sourcecode.swift; path = VisitorChartInteractorTests.swift; sourceTree = "<group>"; };
		9B76308125419382008420AA /* VisitorChartPresenterTests.swift */ = {isa = PBXFileReference; lastKnownFileType = sourcecode.swift; path = VisitorChartPresenterTests.swift; sourceTree = "<group>"; };
		9B7630872541F506008420AA /* VisitorBarChartViewControllerTests.swift */ = {isa = PBXFileReference; lastKnownFileType = sourcecode.swift; path = VisitorBarChartViewControllerTests.swift; sourceTree = "<group>"; };
		9B7630882541F506008420AA /* VisitorBarChartInteractorTests.swift */ = {isa = PBXFileReference; lastKnownFileType = sourcecode.swift; path = VisitorBarChartInteractorTests.swift; sourceTree = "<group>"; };
		9B76308A2541F506008420AA /* VisitorBarChartPresenterTests.swift */ = {isa = PBXFileReference; lastKnownFileType = sourcecode.swift; path = VisitorBarChartPresenterTests.swift; sourceTree = "<group>"; };
		9B7D5EFE251C57D4002C995D /* VisitorValidation.swift */ = {isa = PBXFileReference; lastKnownFileType = sourcecode.swift; path = VisitorValidation.swift; sourceTree = "<group>"; };
		9B851BB42490C9B900FFB7F6 /* VisitorListViewController.swift */ = {isa = PBXFileReference; lastKnownFileType = sourcecode.swift; path = VisitorListViewController.swift; sourceTree = "<group>"; };
		9B851BB62490CA8100FFB7F6 /* VisitorTableViewCell.swift */ = {isa = PBXFileReference; lastKnownFileType = sourcecode.swift; path = VisitorTableViewCell.swift; sourceTree = "<group>"; };
		9B9B204D2533733A00FDBDDE /* VisitorFormInteractorTest.swift */ = {isa = PBXFileReference; lastKnownFileType = sourcecode.swift; path = VisitorFormInteractorTest.swift; sourceTree = "<group>"; };
		9B9E2EF825024C9F00E54E4F /* VisitorChartTableViewCell.swift */ = {isa = PBXFileReference; lastKnownFileType = sourcecode.swift; path = VisitorChartTableViewCell.swift; sourceTree = "<group>"; };
		9BA98F52248690F900C86B5C /* VisitorInteractor.swift */ = {isa = PBXFileReference; lastKnownFileType = sourcecode.swift; name = VisitorInteractor.swift; path = ../Interactor/VisitorInteractor.swift; sourceTree = "<group>"; };
		9BA98F542486913100C86B5C /* VisitorPresenter.swift */ = {isa = PBXFileReference; lastKnownFileType = sourcecode.swift; name = VisitorPresenter.swift; path = ../Presenter/VisitorPresenter.swift; sourceTree = "<group>"; };
		9BA98F562486915500C86B5C /* VisitorRouter.swift */ = {isa = PBXFileReference; lastKnownFileType = sourcecode.swift; name = VisitorRouter.swift; path = ../Router/VisitorRouter.swift; sourceTree = "<group>"; };
		9BBAF779247654FF00B31A70 /* VisitorApp.app */ = {isa = PBXFileReference; explicitFileType = wrapper.application; includeInIndex = 0; path = VisitorApp.app; sourceTree = BUILT_PRODUCTS_DIR; };
		9BBAF77C247654FF00B31A70 /* AppDelegate.swift */ = {isa = PBXFileReference; lastKnownFileType = sourcecode.swift; path = AppDelegate.swift; sourceTree = "<group>"; };
		9BBAF780247654FF00B31A70 /* VisitorViewController.swift */ = {isa = PBXFileReference; lastKnownFileType = sourcecode.swift; path = VisitorViewController.swift; sourceTree = "<group>"; };
		9BBAF783247654FF00B31A70 /* Base */ = {isa = PBXFileReference; lastKnownFileType = file.storyboard; name = Base; path = Base.lproj/Main.storyboard; sourceTree = "<group>"; };
		9BBAF786247654FF00B31A70 /* VisitorApp.xcdatamodel */ = {isa = PBXFileReference; lastKnownFileType = wrapper.xcdatamodel; path = VisitorApp.xcdatamodel; sourceTree = "<group>"; };
		9BBAF788247654FF00B31A70 /* Assets.xcassets */ = {isa = PBXFileReference; lastKnownFileType = folder.assetcatalog; path = Assets.xcassets; sourceTree = "<group>"; };
		9BBAF78B247654FF00B31A70 /* Base */ = {isa = PBXFileReference; lastKnownFileType = file.storyboard; name = Base; path = Base.lproj/LaunchScreen.storyboard; sourceTree = "<group>"; };
		9BD3D5842540609900880E2B /* VisitorChartViewModel.swift */ = {isa = PBXFileReference; lastKnownFileType = sourcecode.swift; path = VisitorChartViewModel.swift; sourceTree = "<group>"; };
		9BD5FDE725219D8C006F21DC /* VisitorListInteractor.swift */ = {isa = PBXFileReference; lastKnownFileType = sourcecode.swift; path = VisitorListInteractor.swift; sourceTree = "<group>"; };
		9BD5FDE925219DD8006F21DC /* VisitorListPresenter.swift */ = {isa = PBXFileReference; lastKnownFileType = sourcecode.swift; path = VisitorListPresenter.swift; sourceTree = "<group>"; };
		9BD5FDEB25219E20006F21DC /* VisitorListRouter.swift */ = {isa = PBXFileReference; lastKnownFileType = sourcecode.swift; path = VisitorListRouter.swift; sourceTree = "<group>"; };
		9BD5FDED2525A613006F21DC /* VisitorChartRouter.swift */ = {isa = PBXFileReference; lastKnownFileType = sourcecode.swift; path = VisitorChartRouter.swift; sourceTree = "<group>"; };
		9BD5FDEF2525AEFE006F21DC /* VisitorChartPresenter.swift */ = {isa = PBXFileReference; lastKnownFileType = sourcecode.swift; path = VisitorChartPresenter.swift; sourceTree = "<group>"; };
		9BD5FDF12525AF32006F21DC /* VisitorChartInteractor.swift */ = {isa = PBXFileReference; lastKnownFileType = sourcecode.swift; path = VisitorChartInteractor.swift; sourceTree = "<group>"; };
		9BD9365B2567B52C00B16419 /* VisitorPrintViewModel.swift */ = {isa = PBXFileReference; lastKnownFileType = sourcecode.swift; path = VisitorPrintViewModel.swift; sourceTree = "<group>"; };
		9BD9365D2567B54300B16419 /* VisitorPrintInteractor.swift */ = {isa = PBXFileReference; lastKnownFileType = sourcecode.swift; path = VisitorPrintInteractor.swift; sourceTree = "<group>"; };
		9BD9365F2567B55D00B16419 /* VisitorPrintPresenter.swift */ = {isa = PBXFileReference; lastKnownFileType = sourcecode.swift; path = VisitorPrintPresenter.swift; sourceTree = "<group>"; };
		9BD93661256B581E00B16419 /* PopOverViewController.swift */ = {isa = PBXFileReference; lastKnownFileType = sourcecode.swift; path = PopOverViewController.swift; sourceTree = "<group>"; };
		9BDD18A2247D390A00828EAB /* CustomTextField.swift */ = {isa = PBXFileReference; lastKnownFileType = sourcecode.swift; path = CustomTextField.swift; sourceTree = "<group>"; };
		9BDD18A4247FECBA00828EAB /* CustomImageView.swift */ = {isa = PBXFileReference; lastKnownFileType = sourcecode.swift; path = CustomImageView.swift; sourceTree = "<group>"; };
		9BE196CB256FBE37008D29AC /* CardView.swift */ = {isa = PBXFileReference; lastKnownFileType = sourcecode.swift; path = CardView.swift; sourceTree = "<group>"; };
		9BE7A234249A2D8C00AFC4C9 /* CustomView.swift */ = {isa = PBXFileReference; lastKnownFileType = sourcecode.swift; path = CustomView.swift; sourceTree = "<group>"; };
		9BECDCD8252D8560001B3279 /* VisitorViewModel.swift */ = {isa = PBXFileReference; lastKnownFileType = sourcecode.swift; path = VisitorViewModel.swift; sourceTree = "<group>"; };
		9BECDCDC252EC593001B3279 /* VisitorListModel.swift */ = {isa = PBXFileReference; lastKnownFileType = sourcecode.swift; path = VisitorListModel.swift; sourceTree = "<group>"; };
		9BECDCE2252F392D001B3279 /* VisitorAppTests.xctest */ = {isa = PBXFileReference; explicitFileType = wrapper.cfbundle; includeInIndex = 0; path = VisitorAppTests.xctest; sourceTree = BUILT_PRODUCTS_DIR; };
		9BECDCE4252F392D001B3279 /* VisitorAppTests.swift */ = {isa = PBXFileReference; lastKnownFileType = sourcecode.swift; path = VisitorAppTests.swift; sourceTree = "<group>"; };
		9BECDCE6252F392D001B3279 /* Info.plist */ = {isa = PBXFileReference; lastKnownFileType = text.plist.xml; path = Info.plist; sourceTree = "<group>"; };
		9BED8B3B24E6890300B57C40 /* Visitor+CoreDataClass.swift */ = {isa = PBXFileReference; lastKnownFileType = sourcecode.swift; path = "Visitor+CoreDataClass.swift"; sourceTree = "<group>"; };
		9BED8B3C24E6890300B57C40 /* Visitor+CoreDataProperties.swift */ = {isa = PBXFileReference; lastKnownFileType = sourcecode.swift; path = "Visitor+CoreDataProperties.swift"; sourceTree = "<group>"; };
		9BEED35824F7FD1700EDE4A5 /* VisitorChartViewController.swift */ = {isa = PBXFileReference; lastKnownFileType = sourcecode.swift; path = VisitorChartViewController.swift; sourceTree = "<group>"; };
		9BF3759D2554045E00597639 /* VisitorPieChartTableViewCell.swift */ = {isa = PBXFileReference; lastKnownFileType = sourcecode.swift; name = VisitorPieChartTableViewCell.swift; path = VisitorApp/View/VisitorPieChartTableViewCell.swift; sourceTree = SOURCE_ROOT; };
		CAB88BBE2620054800D0FB0F /* FirestoreManager.swift */ = {isa = PBXFileReference; lastKnownFileType = sourcecode.swift; path = FirestoreManager.swift; sourceTree = "<group>"; };
		CAB88BC226240F1D00D0FB0F /* DisplayData.swift */ = {isa = PBXFileReference; lastKnownFileType = sourcecode.swift; path = DisplayData.swift; sourceTree = "<group>"; };
		CAE693E2261C700900746C4C /* GoogleService-Info.plist */ = {isa = PBXFileReference; fileEncoding = 4; lastKnownFileType = text.plist.xml; path = "GoogleService-Info.plist"; sourceTree = "<group>"; };
		CAE693E7261C81FE00746C4C /* Visitor.swift */ = {isa = PBXFileReference; lastKnownFileType = sourcecode.swift; path = Visitor.swift; sourceTree = "<group>"; };
		D316500925D3D194006C3608 /* Visit+CoreDataProperties.swift */ = {isa = PBXFileReference; fileEncoding = 4; lastKnownFileType = sourcecode.swift; name = "Visit+CoreDataProperties.swift"; path = "VisitorApp/Entity/Visit+CoreDataProperties.swift"; sourceTree = SOURCE_ROOT; };
		D316500A25D3D194006C3608 /* Visit+CoreDataClass.swift */ = {isa = PBXFileReference; fileEncoding = 4; lastKnownFileType = sourcecode.swift; name = "Visit+CoreDataClass.swift"; path = "VisitorApp/Entity/Visit+CoreDataClass.swift"; sourceTree = SOURCE_ROOT; };
		D34AF651250F9E0A00C52C5A /* Info.plist */ = {isa = PBXFileReference; fileEncoding = 4; lastKnownFileType = text.plist.xml; path = Info.plist; sourceTree = "<group>"; };
/* End PBXFileReference section */

/* Begin PBXFrameworksBuildPhase section */
		9BBAF776247654FF00B31A70 /* Frameworks */ = {
			isa = PBXFrameworksBuildPhase;
			buildActionMask = 2147483647;
			files = (
				08B2E24D38364ABAB48CFA29 /* Pods_VisitorApp.framework in Frameworks */,
			);
			runOnlyForDeploymentPostprocessing = 0;
		};
		9BECDCDF252F392D001B3279 /* Frameworks */ = {
			isa = PBXFrameworksBuildPhase;
			buildActionMask = 2147483647;
			files = (
				9C97B84C47167953090826A2 /* Pods_VisitorApp_VisitorAppTests.framework in Frameworks */,
			);
			runOnlyForDeploymentPostprocessing = 0;
		};
/* End PBXFrameworksBuildPhase section */

/* Begin PBXGroup section */
		0338ABAB0268ABFA6EDCDC21 /* Frameworks */ = {
			isa = PBXGroup;
			children = (
				25503F3431000C44761681E1 /* Pods_VisitorApp.framework */,
				918C4D18BA12ABBEB2DD9A71 /* Pods_VisitorApp_VisitorAppTests.framework */,
			);
			name = Frameworks;
			sourceTree = "<group>";
		};
		9B05524B25C42A8000EB3638 /* VisitorPrintScene */ = {
			isa = PBXGroup;
			children = (
				9B05524C25C42ACA00EB3638 /* VisitorPrintViewcontrollerTests.swift */,
			);
			path = VisitorPrintScene;
			sourceTree = "<group>";
		};
		9B06984325679BD600FF6E84 /* VisitorPrintScene */ = {
			isa = PBXGroup;
			children = (
				9B3D9B4A2565204F005F1E9D /* VisitorPrintViewController.swift */,
				9B06984425679C6700FF6E84 /* VisitorPrintRouter.swift */,
				9BD9365B2567B52C00B16419 /* VisitorPrintViewModel.swift */,
				9BD9365D2567B54300B16419 /* VisitorPrintInteractor.swift */,
				9BD9365F2567B55D00B16419 /* VisitorPrintPresenter.swift */,
			);
			path = VisitorPrintScene;
			sourceTree = "<group>";
		};
		9B07DE8425B57D13004974C5 /* Roboto */ = {
			isa = PBXGroup;
			children = (
				9B07DE8525B57D13004974C5 /* Roboto-Medium.ttf */,
				9B07DE8625B57D13004974C5 /* Roboto-Light.ttf */,
				9B07DE8725B57D13004974C5 /* Roboto-Regular.ttf */,
				9B07DE8825B57D13004974C5 /* Roboto-MediumItalic.ttf */,
				9B07DE8925B57D13004974C5 /* Roboto-ThinItalic.ttf */,
				9B07DE8A25B57D13004974C5 /* Roboto-BoldItalic.ttf */,
				9B07DE8B25B57D13004974C5 /* Roboto-LightItalic.ttf */,
				9B07DE8C25B57D13004974C5 /* Roboto-Italic.ttf */,
				9B07DE8D25B57D13004974C5 /* LICENSE.txt */,
				9B07DE8E25B57D13004974C5 /* Roboto-BlackItalic.ttf */,
				9B07DE8F25B57D13004974C5 /* Roboto-Bold.ttf */,
				9B07DE9025B57D13004974C5 /* Roboto-Thin.ttf */,
				9B07DE9125B57D13004974C5 /* Roboto-Black.ttf */,
			);
			path = Roboto;
			sourceTree = "<group>";
		};
		9B1E7FE4253F50C100DAC863 /* VisitorListScene */ = {
			isa = PBXGroup;
			children = (
				9B1E7FE5253F512200DAC863 /* VisitorListViewControllerTests.swift */,
				9B1E7FE6253F512200DAC863 /* VisitorListInteractorTests.swift */,
				9B1E7FE8253F512200DAC863 /* VisitorListPresenterTests.swift */,
			);
			path = VisitorListScene;
			sourceTree = "<group>";
		};
		9B76306B25418590008420AA /* VisitorChartScene */ = {
			isa = PBXGroup;
			children = (
				9B76307E25419382008420AA /* VisitorChartViewControllerTests.swift */,
				9B76307F25419382008420AA /* VisitorChartInteractorTests.swift */,
				9B76308125419382008420AA /* VisitorChartPresenterTests.swift */,
			);
			path = VisitorChartScene;
			sourceTree = "<group>";
		};
		9B7630862541BFF1008420AA /* VisitorBarChartScene */ = {
			isa = PBXGroup;
			children = (
				9B7630872541F506008420AA /* VisitorBarChartViewControllerTests.swift */,
				9B7630882541F506008420AA /* VisitorBarChartInteractorTests.swift */,
				9B76308A2541F506008420AA /* VisitorBarChartPresenterTests.swift */,
			);
			path = VisitorBarChartScene;
			sourceTree = "<group>";
		};
		9B7D5EFD251C5770002C995D /* extensions */ = {
			isa = PBXGroup;
			children = (
				9B7D5EFE251C57D4002C995D /* VisitorValidation.swift */,
			);
			path = extensions;
			sourceTree = "<group>";
		};
		9B7D5F03251D0384002C995D /* VisitorChartScene */ = {
			isa = PBXGroup;
			children = (
				9BEED35824F7FD1700EDE4A5 /* VisitorChartViewController.swift */,
				9BD5FDEF2525AEFE006F21DC /* VisitorChartPresenter.swift */,
				9BD5FDED2525A613006F21DC /* VisitorChartRouter.swift */,
				9BD5FDF12525AF32006F21DC /* VisitorChartInteractor.swift */,
				9BD3D5842540609900880E2B /* VisitorChartViewModel.swift */,
			);
			path = VisitorChartScene;
			sourceTree = "<group>";
		};
		9B7D5F04251D03ED002C995D /* app-settings */ = {
			isa = PBXGroup;
			children = (
				9BBAF77C247654FF00B31A70 /* AppDelegate.swift */,
			);
			path = "app-settings";
			sourceTree = "<group>";
		};
		9B7D5F05251D0447002C995D /* app-ui */ = {
			isa = PBXGroup;
			children = (
				9BBAF78A247654FF00B31A70 /* LaunchScreen.storyboard */,
				9BBAF782247654FF00B31A70 /* Main.storyboard */,
			);
			path = "app-ui";
			sourceTree = "<group>";
		};
		9B7D5F07251D051D002C995D /* custom */ = {
			isa = PBXGroup;
			children = (
				9BDD18A2247D390A00828EAB /* CustomTextField.swift */,
				9BDD18A4247FECBA00828EAB /* CustomImageView.swift */,
				9BE196CB256FBE37008D29AC /* CardView.swift */,
			);
			path = custom;
			sourceTree = "<group>";
		};
		9B7D5F08251D054C002C995D /* app-icons */ = {
			isa = PBXGroup;
			children = (
				9BBAF788247654FF00B31A70 /* Assets.xcassets */,
			);
			path = "app-icons";
			sourceTree = "<group>";
		};
		9B7D5F09251D05BB002C995D /* VisitorFormScene */ = {
			isa = PBXGroup;
			children = (
				9BA98F562486915500C86B5C /* VisitorRouter.swift */,
				9BA98F52248690F900C86B5C /* VisitorInteractor.swift */,
				9BA98F542486913100C86B5C /* VisitorPresenter.swift */,
				9BBAF780247654FF00B31A70 /* VisitorViewController.swift */,
				9BECDCD8252D8560001B3279 /* VisitorViewModel.swift */,
			);
			path = VisitorFormScene;
			sourceTree = "<group>";
		};
		9B7D5F0A251D05D7002C995D /* VisitorListScene */ = {
			isa = PBXGroup;
			children = (
				9BD5FDEB25219E20006F21DC /* VisitorListRouter.swift */,
				9BD5FDE725219D8C006F21DC /* VisitorListInteractor.swift */,
				9BD5FDE925219DD8006F21DC /* VisitorListPresenter.swift */,
				9B851BB42490C9B900FFB7F6 /* VisitorListViewController.swift */,
				9BECDCDC252EC593001B3279 /* VisitorListModel.swift */,
			);
			path = VisitorListScene;
			sourceTree = "<group>";
		};
		9B9B204C253372C500FDBDDE /* VisitorFormScene */ = {
			isa = PBXGroup;
			children = (
				9B9B204D2533733A00FDBDDE /* VisitorFormInteractorTest.swift */,
				9B5C960425384C5200012367 /* VisitorFormViewControllerTests.swift */,
				9B5C960525384C5200012367 /* VisitorFormInteractorTests.swift */,
				9B5C960725384C5200012367 /* VisitorFormPresenterTests.swift */,
			);
			path = VisitorFormScene;
			sourceTree = "<group>";
		};
		9BBAF770247654FF00B31A70 = {
			isa = PBXGroup;
			children = (
				9B07DE8425B57D13004974C5 /* Roboto */,
				9BBAF77B247654FF00B31A70 /* VisitorApp */,
				9BECDCE3252F392D001B3279 /* VisitorAppTests */,
				9BBAF77A247654FF00B31A70 /* Products */,
				FD72172F2F27419247143B8E /* Pods */,
				0338ABAB0268ABFA6EDCDC21 /* Frameworks */,
			);
			sourceTree = "<group>";
		};
		9BBAF77A247654FF00B31A70 /* Products */ = {
			isa = PBXGroup;
			children = (
				9BBAF779247654FF00B31A70 /* VisitorApp.app */,
				9BECDCE2252F392D001B3279 /* VisitorAppTests.xctest */,
			);
			name = Products;
			sourceTree = "<group>";
		};
		9BBAF77B247654FF00B31A70 /* VisitorApp */ = {
			isa = PBXGroup;
			children = (
				CAE693E2261C700900746C4C /* GoogleService-Info.plist */,
				D34AF651250F9E0A00C52C5A /* Info.plist */,
				9BBAF79624767AD700B31A70 /* visitor */,
				CAE693E6261C81E200746C4C /* model */,
				9B7D5F05251D0447002C995D /* app-ui */,
				9BBAF79524767AB300B31A70 /* entity */,
				9B7D5F07251D051D002C995D /* custom */,
				9B7D5EFD251C5770002C995D /* extensions */,
				9BE7A20824987FF000AFC4C9 /* view */,
				9B7D5F08251D054C002C995D /* app-icons */,
				9B7D5F04251D03ED002C995D /* app-settings */,
				9B6E89AE25398CCC003761BB /* VisitorCoreDataStore.swift */,
				CAB88BBE2620054800D0FB0F /* FirestoreManager.swift */,
			);
			path = VisitorApp;
			sourceTree = "<group>";
		};
		9BBAF79524767AB300B31A70 /* entity */ = {
			isa = PBXGroup;
			children = (
				D316500A25D3D194006C3608 /* Visit+CoreDataClass.swift */,
				D316500925D3D194006C3608 /* Visit+CoreDataProperties.swift */,
				9BBAF785247654FF00B31A70 /* VisitorApp.xcdatamodeld */,
				9B587E8A25D2B8A50023A8E1 /* VisitorDataChartModel.swift */,
				9BED8B3B24E6890300B57C40 /* Visitor+CoreDataClass.swift */,
				9BED8B3C24E6890300B57C40 /* Visitor+CoreDataProperties.swift */,
			);
			path = entity;
			sourceTree = "<group>";
		};
		9BBAF79624767AD700B31A70 /* visitor */ = {
			isa = PBXGroup;
			children = (
				9B06984325679BD600FF6E84 /* VisitorPrintScene */,
				9B7D5F09251D05BB002C995D /* VisitorFormScene */,
				9B7D5F0A251D05D7002C995D /* VisitorListScene */,
				9B7D5F03251D0384002C995D /* VisitorChartScene */,
				9BD5FDF32529D7AA006F21DC /* VisitorBarChartScene */,
				9BD93661256B581E00B16419 /* PopOverViewController.swift */,
			);
			path = visitor;
			sourceTree = "<group>";
		};
		9BD5FDF32529D7AA006F21DC /* VisitorBarChartScene */ = {
			isa = PBXGroup;
			children = (
				9B726F112500DE4700E2F9AD /* VisitorBarChartViewController.swift */,
				9B63BDF02529DE2D00E8B04F /* VisitorBarChartRouter.swift */,
				9B63BDF32529DE5F00E8B04F /* VisitorBarChartInteractor.swift */,
				9B63BDF52529DE7700E8B04F /* VisitorBarChartPresenter.swift */,
				9B76307C254192E5008420AA /* VisitorBarChartViewModel.swift */,
			);
			path = VisitorBarChartScene;
			sourceTree = "<group>";
		};
		9BE7A20824987FF000AFC4C9 /* view */ = {
			isa = PBXGroup;
			children = (
				9B851BB62490CA8100FFB7F6 /* VisitorTableViewCell.swift */,
				9B9E2EF825024C9F00E54E4F /* VisitorChartTableViewCell.swift */,
				9BE7A234249A2D8C00AFC4C9 /* CustomView.swift */,
				9BF3759D2554045E00597639 /* VisitorPieChartTableViewCell.swift */,
			);
			path = view;
			sourceTree = "<group>";
		};
		9BECDCE3252F392D001B3279 /* VisitorAppTests */ = {
			isa = PBXGroup;
			children = (
				9B05524B25C42A8000EB3638 /* VisitorPrintScene */,
				9B7630862541BFF1008420AA /* VisitorBarChartScene */,
				9B76306B25418590008420AA /* VisitorChartScene */,
				9B1E7FE4253F50C100DAC863 /* VisitorListScene */,
				9B9B204C253372C500FDBDDE /* VisitorFormScene */,
				9BECDCE4252F392D001B3279 /* VisitorAppTests.swift */,
				9BECDCE6252F392D001B3279 /* Info.plist */,
			);
			path = VisitorAppTests;
			sourceTree = "<group>";
		};
		CAE693E6261C81E200746C4C /* model */ = {
			isa = PBXGroup;
			children = (
				CAE693E7261C81FE00746C4C /* Visitor.swift */,
				CAB88BC226240F1D00D0FB0F /* DisplayData.swift */,
			);
			path = model;
			sourceTree = "<group>";
		};
		FD72172F2F27419247143B8E /* Pods */ = {
			isa = PBXGroup;
			children = (
				103D7D21871E10730BF8C292 /* Pods-VisitorApp.debug.xcconfig */,
				11FF9C50719F9BBF0352D3C5 /* Pods-VisitorApp.release.xcconfig */,
				5D06AD4EA28C05CB1F2EB711 /* Pods-VisitorApp-VisitorAppTests.debug.xcconfig */,
				0730CD0F841B2F93A474F290 /* Pods-VisitorApp-VisitorAppTests.release.xcconfig */,
			);
			path = Pods;
			sourceTree = "<group>";
		};
/* End PBXGroup section */

/* Begin PBXNativeTarget section */
		9BBAF778247654FF00B31A70 /* VisitorApp */ = {
			isa = PBXNativeTarget;
			buildConfigurationList = 9BBAF790247654FF00B31A70 /* Build configuration list for PBXNativeTarget "VisitorApp" */;
			buildPhases = (
				33823A9A1CC5C18CC1E1C70F /* [CP] Check Pods Manifest.lock */,
				9BBAF775247654FF00B31A70 /* Sources */,
				9BBAF776247654FF00B31A70 /* Frameworks */,
				9BBAF777247654FF00B31A70 /* Resources */,
				DE9E765EF18C79818053216C /* [CP] Embed Pods Frameworks */,
			);
			buildRules = (
			);
			dependencies = (
			);
			name = VisitorApp;
			productName = VisitorApp;
			productReference = 9BBAF779247654FF00B31A70 /* VisitorApp.app */;
			productType = "com.apple.product-type.application";
		};
		9BECDCE1252F392D001B3279 /* VisitorAppTests */ = {
			isa = PBXNativeTarget;
			buildConfigurationList = 9BECDCEB252F392D001B3279 /* Build configuration list for PBXNativeTarget "VisitorAppTests" */;
			buildPhases = (
				FD44A824734DE8921A4CBFAC /* [CP] Check Pods Manifest.lock */,
				9BECDCDE252F392D001B3279 /* Sources */,
				9BECDCDF252F392D001B3279 /* Frameworks */,
				9BECDCE0252F392D001B3279 /* Resources */,
				13DDD855B7BA128B3A429345 /* [CP] Embed Pods Frameworks */,
			);
			buildRules = (
			);
			dependencies = (
				9BECDCE8252F392D001B3279 /* PBXTargetDependency */,
			);
			name = VisitorAppTests;
			productName = VisitorAppTests;
			productReference = 9BECDCE2252F392D001B3279 /* VisitorAppTests.xctest */;
			productType = "com.apple.product-type.bundle.unit-test";
		};
/* End PBXNativeTarget section */

/* Begin PBXProject section */
		9BBAF771247654FF00B31A70 /* Project object */ = {
			isa = PBXProject;
			attributes = {
				DefaultBuildSystemTypeForWorkspace = Latest;
				LastSwiftUpdateCheck = 1130;
				LastUpgradeCheck = 1240;
				ORGANIZATIONNAME = "Mayur Kamthe";
				TargetAttributes = {
					9BBAF778247654FF00B31A70 = {
						CreatedOnToolsVersion = 11.3.1;
						LastSwiftMigration = 1130;
					};
					9BECDCE1252F392D001B3279 = {
						CreatedOnToolsVersion = 11.3.1;
						TestTargetID = 9BBAF778247654FF00B31A70;
					};
				};
			};
			buildConfigurationList = 9BBAF774247654FF00B31A70 /* Build configuration list for PBXProject "VisitorApp" */;
			compatibilityVersion = "Xcode 9.3";
			developmentRegion = en;
			hasScannedForEncodings = 0;
			knownRegions = (
				en,
				Base,
			);
			mainGroup = 9BBAF770247654FF00B31A70;
			productRefGroup = 9BBAF77A247654FF00B31A70 /* Products */;
			projectDirPath = "";
			projectRoot = "";
			targets = (
				9BBAF778247654FF00B31A70 /* VisitorApp */,
				9BECDCE1252F392D001B3279 /* VisitorAppTests */,
			);
		};
/* End PBXProject section */

/* Begin PBXResourcesBuildPhase section */
		9BBAF777247654FF00B31A70 /* Resources */ = {
			isa = PBXResourcesBuildPhase;
			buildActionMask = 2147483647;
			files = (
				9B07DE9C25B57D13004974C5 /* Roboto-Bold.ttf in Resources */,
				9B07DE9A25B57D13004974C5 /* LICENSE.txt in Resources */,
				9B07DE9725B57D13004974C5 /* Roboto-BoldItalic.ttf in Resources */,
				9B07DE9425B57D13004974C5 /* Roboto-Regular.ttf in Resources */,
				9B07DE9825B57D13004974C5 /* Roboto-LightItalic.ttf in Resources */,
				9B07DE9225B57D13004974C5 /* Roboto-Medium.ttf in Resources */,
				9BBAF78C247654FF00B31A70 /* LaunchScreen.storyboard in Resources */,
				9B07DE9B25B57D13004974C5 /* Roboto-BlackItalic.ttf in Resources */,
				9B07DE9D25B57D13004974C5 /* Roboto-Thin.ttf in Resources */,
				9B07DE9325B57D13004974C5 /* Roboto-Light.ttf in Resources */,
				9B07DE9625B57D13004974C5 /* Roboto-ThinItalic.ttf in Resources */,
				9B07DE9E25B57D13004974C5 /* Roboto-Black.ttf in Resources */,
				CAE693E3261C700900746C4C /* GoogleService-Info.plist in Resources */,
				9B07DE9525B57D13004974C5 /* Roboto-MediumItalic.ttf in Resources */,
				9BBAF789247654FF00B31A70 /* Assets.xcassets in Resources */,
				9B07DE9925B57D13004974C5 /* Roboto-Italic.ttf in Resources */,
				9BBAF784247654FF00B31A70 /* Main.storyboard in Resources */,
			);
			runOnlyForDeploymentPostprocessing = 0;
		};
		9BECDCE0252F392D001B3279 /* Resources */ = {
			isa = PBXResourcesBuildPhase;
			buildActionMask = 2147483647;
			files = (
			);
			runOnlyForDeploymentPostprocessing = 0;
		};
/* End PBXResourcesBuildPhase section */

/* Begin PBXShellScriptBuildPhase section */
		13DDD855B7BA128B3A429345 /* [CP] Embed Pods Frameworks */ = {
			isa = PBXShellScriptBuildPhase;
			buildActionMask = 2147483647;
			files = (
			);
			inputFileListPaths = (
				"${PODS_ROOT}/Target Support Files/Pods-VisitorApp-VisitorAppTests/Pods-VisitorApp-VisitorAppTests-frameworks-${CONFIGURATION}-input-files.xcfilelist",
			);
			name = "[CP] Embed Pods Frameworks";
			outputFileListPaths = (
				"${PODS_ROOT}/Target Support Files/Pods-VisitorApp-VisitorAppTests/Pods-VisitorApp-VisitorAppTests-frameworks-${CONFIGURATION}-output-files.xcfilelist",
			);
			runOnlyForDeploymentPostprocessing = 0;
			shellPath = /bin/sh;
			shellScript = "\"${PODS_ROOT}/Target Support Files/Pods-VisitorApp-VisitorAppTests/Pods-VisitorApp-VisitorAppTests-frameworks.sh\"\n";
			showEnvVarsInLog = 0;
		};
		33823A9A1CC5C18CC1E1C70F /* [CP] Check Pods Manifest.lock */ = {
			isa = PBXShellScriptBuildPhase;
			buildActionMask = 2147483647;
			files = (
			);
			inputFileListPaths = (
			);
			inputPaths = (
				"${PODS_PODFILE_DIR_PATH}/Podfile.lock",
				"${PODS_ROOT}/Manifest.lock",
			);
			name = "[CP] Check Pods Manifest.lock";
			outputFileListPaths = (
			);
			outputPaths = (
				"$(DERIVED_FILE_DIR)/Pods-VisitorApp-checkManifestLockResult.txt",
			);
			runOnlyForDeploymentPostprocessing = 0;
			shellPath = /bin/sh;
			shellScript = "diff \"${PODS_PODFILE_DIR_PATH}/Podfile.lock\" \"${PODS_ROOT}/Manifest.lock\" > /dev/null\nif [ $? != 0 ] ; then\n    # print error to STDERR\n    echo \"error: The sandbox is not in sync with the Podfile.lock. Run 'pod install' or update your CocoaPods installation.\" >&2\n    exit 1\nfi\n# This output is used by Xcode 'outputs' to avoid re-running this script phase.\necho \"SUCCESS\" > \"${SCRIPT_OUTPUT_FILE_0}\"\n";
			showEnvVarsInLog = 0;
		};
		DE9E765EF18C79818053216C /* [CP] Embed Pods Frameworks */ = {
			isa = PBXShellScriptBuildPhase;
			buildActionMask = 2147483647;
			files = (
			);
			inputFileListPaths = (
				"${PODS_ROOT}/Target Support Files/Pods-VisitorApp/Pods-VisitorApp-frameworks-${CONFIGURATION}-input-files.xcfilelist",
			);
			name = "[CP] Embed Pods Frameworks";
			outputFileListPaths = (
				"${PODS_ROOT}/Target Support Files/Pods-VisitorApp/Pods-VisitorApp-frameworks-${CONFIGURATION}-output-files.xcfilelist",
			);
			runOnlyForDeploymentPostprocessing = 0;
			shellPath = /bin/sh;
			shellScript = "\"${PODS_ROOT}/Target Support Files/Pods-VisitorApp/Pods-VisitorApp-frameworks.sh\"\n";
			showEnvVarsInLog = 0;
		};
		FD44A824734DE8921A4CBFAC /* [CP] Check Pods Manifest.lock */ = {
			isa = PBXShellScriptBuildPhase;
			buildActionMask = 2147483647;
			files = (
			);
			inputFileListPaths = (
			);
			inputPaths = (
				"${PODS_PODFILE_DIR_PATH}/Podfile.lock",
				"${PODS_ROOT}/Manifest.lock",
			);
			name = "[CP] Check Pods Manifest.lock";
			outputFileListPaths = (
			);
			outputPaths = (
				"$(DERIVED_FILE_DIR)/Pods-VisitorApp-VisitorAppTests-checkManifestLockResult.txt",
			);
			runOnlyForDeploymentPostprocessing = 0;
			shellPath = /bin/sh;
			shellScript = "diff \"${PODS_PODFILE_DIR_PATH}/Podfile.lock\" \"${PODS_ROOT}/Manifest.lock\" > /dev/null\nif [ $? != 0 ] ; then\n    # print error to STDERR\n    echo \"error: The sandbox is not in sync with the Podfile.lock. Run 'pod install' or update your CocoaPods installation.\" >&2\n    exit 1\nfi\n# This output is used by Xcode 'outputs' to avoid re-running this script phase.\necho \"SUCCESS\" > \"${SCRIPT_OUTPUT_FILE_0}\"\n";
			showEnvVarsInLog = 0;
		};
/* End PBXShellScriptBuildPhase section */

/* Begin PBXSourcesBuildPhase section */
		9BBAF775247654FF00B31A70 /* Sources */ = {
			isa = PBXSourcesBuildPhase;
			buildActionMask = 2147483647;
			files = (
				9BECDCDD252EC593001B3279 /* VisitorListModel.swift in Sources */,
				9BD5FDF22525AF32006F21DC /* VisitorChartInteractor.swift in Sources */,
				9B7D5EFF251C57D4002C995D /* VisitorValidation.swift in Sources */,
				9B63BDF12529DE2D00E8B04F /* VisitorBarChartRouter.swift in Sources */,
				9BD9365C2567B52C00B16419 /* VisitorPrintViewModel.swift in Sources */,
				D316500C25D3D194006C3608 /* Visit+CoreDataClass.swift in Sources */,
				CAE693E8261C81FE00746C4C /* Visitor.swift in Sources */,
				9BD3D5852540609900880E2B /* VisitorChartViewModel.swift in Sources */,
				D316500B25D3D194006C3608 /* Visit+CoreDataProperties.swift in Sources */,
				9B726F122500DE4700E2F9AD /* VisitorBarChartViewController.swift in Sources */,
				9BE7A235249A2D8C00AFC4C9 /* CustomView.swift in Sources */,
				9B587E8B25D2B8A50023A8E1 /* VisitorDataChartModel.swift in Sources */,
				9BBAF787247654FF00B31A70 /* VisitorApp.xcdatamodeld in Sources */,
				9BA98F552486913100C86B5C /* VisitorPresenter.swift in Sources */,
				9B6E89AF25398CCC003761BB /* VisitorCoreDataStore.swift in Sources */,
				9BDD18A5247FECBA00828EAB /* CustomImageView.swift in Sources */,
				9B63BDF62529DE7700E8B04F /* VisitorBarChartPresenter.swift in Sources */,
				9BEED35924F7FD1700EDE4A5 /* VisitorChartViewController.swift in Sources */,
				9B06984525679C6700FF6E84 /* VisitorPrintRouter.swift in Sources */,
				CAB88BC326240F1D00D0FB0F /* DisplayData.swift in Sources */,
				9BBAF781247654FF00B31A70 /* VisitorViewController.swift in Sources */,
				9BD9365E2567B54300B16419 /* VisitorPrintInteractor.swift in Sources */,
				9BED8B4024E6890300B57C40 /* Visitor+CoreDataProperties.swift in Sources */,
				9B63BDF42529DE5F00E8B04F /* VisitorBarChartInteractor.swift in Sources */,
				9BDD18A3247D390A00828EAB /* CustomTextField.swift in Sources */,
				9BF3759E2554045E00597639 /* VisitorPieChartTableViewCell.swift in Sources */,
				9B9E2EF925024C9F00E54E4F /* VisitorChartTableViewCell.swift in Sources */,
				9BD5FDEE2525A613006F21DC /* VisitorChartRouter.swift in Sources */,
				9B851BB52490C9B900FFB7F6 /* VisitorListViewController.swift in Sources */,
				9BE196CC256FBE37008D29AC /* CardView.swift in Sources */,
				9B76307D254192E5008420AA /* VisitorBarChartViewModel.swift in Sources */,
				9BD5FDE825219D8C006F21DC /* VisitorListInteractor.swift in Sources */,
				9BBAF77D247654FF00B31A70 /* AppDelegate.swift in Sources */,
				9BD936602567B55D00B16419 /* VisitorPrintPresenter.swift in Sources */,
				9BD5FDF02525AEFE006F21DC /* VisitorChartPresenter.swift in Sources */,
				9BD5FDEC25219E20006F21DC /* VisitorListRouter.swift in Sources */,
				9BED8B3F24E6890300B57C40 /* Visitor+CoreDataClass.swift in Sources */,
				9BD93662256B581E00B16419 /* PopOverViewController.swift in Sources */,
				9BA98F53248690F900C86B5C /* VisitorInteractor.swift in Sources */,
				9B3D9B4B2565204F005F1E9D /* VisitorPrintViewController.swift in Sources */,
				9BD5FDEA25219DD8006F21DC /* VisitorListPresenter.swift in Sources */,
				9B851BB72490CA8100FFB7F6 /* VisitorTableViewCell.swift in Sources */,
				9BECDCD9252D8560001B3279 /* VisitorViewModel.swift in Sources */,
				9BA98F572486915500C86B5C /* VisitorRouter.swift in Sources */,
				CAB88BBF2620054800D0FB0F /* FirestoreManager.swift in Sources */,
			);
			runOnlyForDeploymentPostprocessing = 0;
		};
		9BECDCDE252F392D001B3279 /* Sources */ = {
			isa = PBXSourcesBuildPhase;
			buildActionMask = 2147483647;
			files = (
				CA78E42E26327EEE00F4C083 /* VisitorPrintViewcontrollerTests.swift in Sources */,
				9B76308525419382008420AA /* VisitorChartPresenterTests.swift in Sources */,
				9B76308225419382008420AA /* VisitorChartViewControllerTests.swift in Sources */,
				9BECDCE5252F392D001B3279 /* VisitorAppTests.swift in Sources */,
				9B9B204E2533733A00FDBDDE /* VisitorFormInteractorTest.swift in Sources */,
				9B5C960925384C5200012367 /* VisitorFormInteractorTests.swift in Sources */,
				9B5C960825384C5200012367 /* VisitorFormViewControllerTests.swift in Sources */,
				9B1E7FEA253F512200DAC863 /* VisitorListInteractorTests.swift in Sources */,
				9B5C960B25384C5200012367 /* VisitorFormPresenterTests.swift in Sources */,
				9B76308E2541F506008420AA /* VisitorBarChartPresenterTests.swift in Sources */,
				9B76308B2541F506008420AA /* VisitorBarChartViewControllerTests.swift in Sources */,
				9B76308C2541F506008420AA /* VisitorBarChartInteractorTests.swift in Sources */,
				9B1E7FEC253F512200DAC863 /* VisitorListPresenterTests.swift in Sources */,
				9B76308325419382008420AA /* VisitorChartInteractorTests.swift in Sources */,
				9B1E7FE9253F512200DAC863 /* VisitorListViewControllerTests.swift in Sources */,
			);
			runOnlyForDeploymentPostprocessing = 0;
		};
/* End PBXSourcesBuildPhase section */

/* Begin PBXTargetDependency section */
		9BECDCE8252F392D001B3279 /* PBXTargetDependency */ = {
			isa = PBXTargetDependency;
			target = 9BBAF778247654FF00B31A70 /* VisitorApp */;
			targetProxy = 9BECDCE7252F392D001B3279 /* PBXContainerItemProxy */;
		};
/* End PBXTargetDependency section */

/* Begin PBXVariantGroup section */
		9BBAF782247654FF00B31A70 /* Main.storyboard */ = {
			isa = PBXVariantGroup;
			children = (
				9BBAF783247654FF00B31A70 /* Base */,
			);
			name = Main.storyboard;
			sourceTree = "<group>";
		};
		9BBAF78A247654FF00B31A70 /* LaunchScreen.storyboard */ = {
			isa = PBXVariantGroup;
			children = (
				9BBAF78B247654FF00B31A70 /* Base */,
			);
			name = LaunchScreen.storyboard;
			sourceTree = "<group>";
		};
/* End PBXVariantGroup section */

/* Begin XCBuildConfiguration section */
		9BBAF78E247654FF00B31A70 /* Debug */ = {
			isa = XCBuildConfiguration;
			buildSettings = {
				ALWAYS_SEARCH_USER_PATHS = NO;
				CLANG_ANALYZER_NONNULL = YES;
				CLANG_ANALYZER_NUMBER_OBJECT_CONVERSION = YES_AGGRESSIVE;
				CLANG_CXX_LANGUAGE_STANDARD = "gnu++14";
				CLANG_CXX_LIBRARY = "libc++";
				CLANG_ENABLE_MODULES = YES;
				CLANG_ENABLE_OBJC_ARC = YES;
				CLANG_ENABLE_OBJC_WEAK = YES;
				CLANG_WARN_BLOCK_CAPTURE_AUTORELEASING = YES;
				CLANG_WARN_BOOL_CONVERSION = YES;
				CLANG_WARN_COMMA = YES;
				CLANG_WARN_CONSTANT_CONVERSION = YES;
				CLANG_WARN_DEPRECATED_OBJC_IMPLEMENTATIONS = YES;
				CLANG_WARN_DIRECT_OBJC_ISA_USAGE = YES_ERROR;
				CLANG_WARN_DOCUMENTATION_COMMENTS = YES;
				CLANG_WARN_EMPTY_BODY = YES;
				CLANG_WARN_ENUM_CONVERSION = YES;
				CLANG_WARN_INFINITE_RECURSION = YES;
				CLANG_WARN_INT_CONVERSION = YES;
				CLANG_WARN_NON_LITERAL_NULL_CONVERSION = YES;
				CLANG_WARN_OBJC_IMPLICIT_RETAIN_SELF = YES;
				CLANG_WARN_OBJC_LITERAL_CONVERSION = YES;
				CLANG_WARN_OBJC_ROOT_CLASS = YES_ERROR;
				CLANG_WARN_RANGE_LOOP_ANALYSIS = YES;
				CLANG_WARN_STRICT_PROTOTYPES = YES;
				CLANG_WARN_SUSPICIOUS_MOVE = YES;
				CLANG_WARN_UNGUARDED_AVAILABILITY = YES_AGGRESSIVE;
				CLANG_WARN_UNREACHABLE_CODE = YES;
				CLANG_WARN__DUPLICATE_METHOD_MATCH = YES;
				COPY_PHASE_STRIP = NO;
				DEBUG_INFORMATION_FORMAT = dwarf;
				ENABLE_STRICT_OBJC_MSGSEND = YES;
				ENABLE_TESTABILITY = YES;
				GCC_C_LANGUAGE_STANDARD = gnu11;
				GCC_DYNAMIC_NO_PIC = NO;
				GCC_NO_COMMON_BLOCKS = YES;
				GCC_OPTIMIZATION_LEVEL = 0;
				GCC_PREPROCESSOR_DEFINITIONS = (
					"DEBUG=1",
					"$(inherited)",
				);
				GCC_WARN_64_TO_32_BIT_CONVERSION = YES;
				GCC_WARN_ABOUT_RETURN_TYPE = YES_ERROR;
				GCC_WARN_UNDECLARED_SELECTOR = YES;
				GCC_WARN_UNINITIALIZED_AUTOS = YES_AGGRESSIVE;
				GCC_WARN_UNUSED_FUNCTION = YES;
				GCC_WARN_UNUSED_VARIABLE = YES;
				IPHONEOS_DEPLOYMENT_TARGET = 13.2;
				MTL_ENABLE_DEBUG_INFO = INCLUDE_SOURCE;
				MTL_FAST_MATH = YES;
				ONLY_ACTIVE_ARCH = YES;
				SDKROOT = iphoneos;
				SWIFT_ACTIVE_COMPILATION_CONDITIONS = DEBUG;
				SWIFT_OPTIMIZATION_LEVEL = "-Onone";
			};
			name = Debug;
		};
		9BBAF78F247654FF00B31A70 /* Release */ = {
			isa = XCBuildConfiguration;
			buildSettings = {
				ALWAYS_SEARCH_USER_PATHS = NO;
				CLANG_ANALYZER_NONNULL = YES;
				CLANG_ANALYZER_NUMBER_OBJECT_CONVERSION = YES_AGGRESSIVE;
				CLANG_CXX_LANGUAGE_STANDARD = "gnu++14";
				CLANG_CXX_LIBRARY = "libc++";
				CLANG_ENABLE_MODULES = YES;
				CLANG_ENABLE_OBJC_ARC = YES;
				CLANG_ENABLE_OBJC_WEAK = YES;
				CLANG_WARN_BLOCK_CAPTURE_AUTORELEASING = YES;
				CLANG_WARN_BOOL_CONVERSION = YES;
				CLANG_WARN_COMMA = YES;
				CLANG_WARN_CONSTANT_CONVERSION = YES;
				CLANG_WARN_DEPRECATED_OBJC_IMPLEMENTATIONS = YES;
				CLANG_WARN_DIRECT_OBJC_ISA_USAGE = YES_ERROR;
				CLANG_WARN_DOCUMENTATION_COMMENTS = YES;
				CLANG_WARN_EMPTY_BODY = YES;
				CLANG_WARN_ENUM_CONVERSION = YES;
				CLANG_WARN_INFINITE_RECURSION = YES;
				CLANG_WARN_INT_CONVERSION = YES;
				CLANG_WARN_NON_LITERAL_NULL_CONVERSION = YES;
				CLANG_WARN_OBJC_IMPLICIT_RETAIN_SELF = YES;
				CLANG_WARN_OBJC_LITERAL_CONVERSION = YES;
				CLANG_WARN_OBJC_ROOT_CLASS = YES_ERROR;
				CLANG_WARN_RANGE_LOOP_ANALYSIS = YES;
				CLANG_WARN_STRICT_PROTOTYPES = YES;
				CLANG_WARN_SUSPICIOUS_MOVE = YES;
				CLANG_WARN_UNGUARDED_AVAILABILITY = YES_AGGRESSIVE;
				CLANG_WARN_UNREACHABLE_CODE = YES;
				CLANG_WARN__DUPLICATE_METHOD_MATCH = YES;
				COPY_PHASE_STRIP = NO;
				DEBUG_INFORMATION_FORMAT = "dwarf-with-dsym";
				ENABLE_NS_ASSERTIONS = NO;
				ENABLE_STRICT_OBJC_MSGSEND = YES;
				GCC_C_LANGUAGE_STANDARD = gnu11;
				GCC_NO_COMMON_BLOCKS = YES;
				GCC_WARN_64_TO_32_BIT_CONVERSION = YES;
				GCC_WARN_ABOUT_RETURN_TYPE = YES_ERROR;
				GCC_WARN_UNDECLARED_SELECTOR = YES;
				GCC_WARN_UNINITIALIZED_AUTOS = YES_AGGRESSIVE;
				GCC_WARN_UNUSED_FUNCTION = YES;
				GCC_WARN_UNUSED_VARIABLE = YES;
				IPHONEOS_DEPLOYMENT_TARGET = 13.2;
				MTL_ENABLE_DEBUG_INFO = NO;
				MTL_FAST_MATH = YES;
				SDKROOT = iphoneos;
				SWIFT_COMPILATION_MODE = wholemodule;
				SWIFT_OPTIMIZATION_LEVEL = "-O";
				VALIDATE_PRODUCT = YES;
			};
			name = Release;
		};
		9BBAF791247654FF00B31A70 /* Debug */ = {
			isa = XCBuildConfiguration;
			baseConfigurationReference = 103D7D21871E10730BF8C292 /* Pods-VisitorApp.debug.xcconfig */;
			buildSettings = {
				ASSETCATALOG_COMPILER_APPICON_NAME = AppIcon;
				CODE_SIGN_IDENTITY = "Apple Development";
				CODE_SIGN_STYLE = Automatic;
				CURRENT_PROJECT_VERSION = 2;
				DEVELOPMENT_TEAM = 45VT72463H;
				INFOPLIST_FILE = VisitorApp/Info.plist;
				IPHONEOS_DEPLOYMENT_TARGET = 13.0;
				LD_RUNPATH_SEARCH_PATHS = (
					"$(inherited)",
					"@executable_path/Frameworks",
				);
				MARKETING_VERSION = 0.1;
				PRODUCT_BUNDLE_IDENTIFIER = com.wurth.WITVisitorApp;
				PRODUCT_NAME = VisitorApp;
				PROVISIONING_PROFILE_SPECIFIER = "";
				SWIFT_VERSION = 5.0;
				TARGETED_DEVICE_FAMILY = 2;
			};
			name = Debug;
		};
		9BBAF792247654FF00B31A70 /* Release */ = {
			isa = XCBuildConfiguration;
			baseConfigurationReference = 11FF9C50719F9BBF0352D3C5 /* Pods-VisitorApp.release.xcconfig */;
			buildSettings = {
				ASSETCATALOG_COMPILER_APPICON_NAME = AppIcon;
				CODE_SIGN_IDENTITY = "Apple Development";
				CODE_SIGN_STYLE = Automatic;
				CURRENT_PROJECT_VERSION = 2;
				DEVELOPMENT_TEAM = 45VT72463H;
				INFOPLIST_FILE = VisitorApp/Info.plist;
				IPHONEOS_DEPLOYMENT_TARGET = 13.0;
				LD_RUNPATH_SEARCH_PATHS = (
					"$(inherited)",
					"@executable_path/Frameworks",
				);
				MARKETING_VERSION = 0.1;
				PRODUCT_BUNDLE_IDENTIFIER = com.wurth.WITVisitorApp;
				PRODUCT_NAME = VisitorApp;
				PROVISIONING_PROFILE_SPECIFIER = "";
				SWIFT_VERSION = 5.0;
				TARGETED_DEVICE_FAMILY = 2;
			};
			name = Release;
		};
		9BECDCE9252F392D001B3279 /* Debug */ = {
			isa = XCBuildConfiguration;
			baseConfigurationReference = 5D06AD4EA28C05CB1F2EB711 /* Pods-VisitorApp-VisitorAppTests.debug.xcconfig */;
			buildSettings = {
				BUNDLE_LOADER = "$(TEST_HOST)";
				CODE_SIGN_STYLE = Automatic;
				DEVELOPMENT_TEAM = 45VT72463H;
				INFOPLIST_FILE = VisitorAppTests/Info.plist;
				LD_RUNPATH_SEARCH_PATHS = (
					"$(inherited)",
					"@executable_path/Frameworks",
					"@loader_path/Frameworks",
				);
				PRODUCT_BUNDLE_IDENTIFIER = com.VisitorAppTests;
				PRODUCT_NAME = "$(TARGET_NAME)";
				SWIFT_VERSION = 5.0;
				TARGETED_DEVICE_FAMILY = "1,2";
				TEST_HOST = "$(BUILT_PRODUCTS_DIR)/VisitorApp.app/VisitorApp";
			};
			name = Debug;
		};
		9BECDCEA252F392D001B3279 /* Release */ = {
			isa = XCBuildConfiguration;
			baseConfigurationReference = 0730CD0F841B2F93A474F290 /* Pods-VisitorApp-VisitorAppTests.release.xcconfig */;
			buildSettings = {
				BUNDLE_LOADER = "$(TEST_HOST)";
				CODE_SIGN_STYLE = Automatic;
				DEVELOPMENT_TEAM = 45VT72463H;
				INFOPLIST_FILE = VisitorAppTests/Info.plist;
				LD_RUNPATH_SEARCH_PATHS = (
					"$(inherited)",
					"@executable_path/Frameworks",
					"@loader_path/Frameworks",
				);
				PRODUCT_BUNDLE_IDENTIFIER = com.VisitorAppTests;
				PRODUCT_NAME = "$(TARGET_NAME)";
				SWIFT_VERSION = 5.0;
				TARGETED_DEVICE_FAMILY = "1,2";
				TEST_HOST = "$(BUILT_PRODUCTS_DIR)/VisitorApp.app/VisitorApp";
			};
			name = Release;
		};
/* End XCBuildConfiguration section */

/* Begin XCConfigurationList section */
		9BBAF774247654FF00B31A70 /* Build configuration list for PBXProject "VisitorApp" */ = {
			isa = XCConfigurationList;
			buildConfigurations = (
				9BBAF78E247654FF00B31A70 /* Debug */,
				9BBAF78F247654FF00B31A70 /* Release */,
			);
			defaultConfigurationIsVisible = 0;
			defaultConfigurationName = Debug;
		};
		9BBAF790247654FF00B31A70 /* Build configuration list for PBXNativeTarget "VisitorApp" */ = {
			isa = XCConfigurationList;
			buildConfigurations = (
				9BBAF791247654FF00B31A70 /* Debug */,
				9BBAF792247654FF00B31A70 /* Release */,
			);
			defaultConfigurationIsVisible = 0;
			defaultConfigurationName = Debug;
		};
		9BECDCEB252F392D001B3279 /* Build configuration list for PBXNativeTarget "VisitorAppTests" */ = {
			isa = XCConfigurationList;
			buildConfigurations = (
				9BECDCE9252F392D001B3279 /* Debug */,
				9BECDCEA252F392D001B3279 /* Release */,
			);
			defaultConfigurationIsVisible = 0;
			defaultConfigurationName = Debug;
		};
/* End XCConfigurationList section */

/* Begin XCVersionGroup section */
		9BBAF785247654FF00B31A70 /* VisitorApp.xcdatamodeld */ = {
			isa = XCVersionGroup;
			children = (
				9BBAF786247654FF00B31A70 /* VisitorApp.xcdatamodel */,
			);
			currentVersion = 9BBAF786247654FF00B31A70 /* VisitorApp.xcdatamodel */;
			path = VisitorApp.xcdatamodeld;
			sourceTree = "<group>";
			versionGroupType = wrapper.xcdatamodel;
		};
/* End XCVersionGroup section */
	};
	rootObject = 9BBAF771247654FF00B31A70 /* Project object */;
}
